// !$*UTF8*$!
{
	archiveVersion = 1;
	classes = {
	};
	objectVersion = 55;
	objects = {

/* Begin PBXBuildFile section */
		42A67E572719B8FF002A36DD /* AppDelegate.swift in Sources */ = {isa = PBXBuildFile; fileRef = 42A67E562719B8FF002A36DD /* AppDelegate.swift */; };
		42A67E592719B8FF002A36DD /* SceneDelegate.swift in Sources */ = {isa = PBXBuildFile; fileRef = 42A67E582719B8FF002A36DD /* SceneDelegate.swift */; };
		42A67E5B2719B8FF002A36DD /* ViewController.swift in Sources */ = {isa = PBXBuildFile; fileRef = 42A67E5A2719B8FF002A36DD /* ViewController.swift */; };
		42A67E5E2719B8FF002A36DD /* Main.storyboard in Resources */ = {isa = PBXBuildFile; fileRef = 42A67E5C2719B8FF002A36DD /* Main.storyboard */; };
		42A67E602719B915002A36DD /* Assets.xcassets in Resources */ = {isa = PBXBuildFile; fileRef = 42A67E5F2719B915002A36DD /* Assets.xcassets */; };
		42A67E632719B915002A36DD /* LaunchScreen.storyboard in Resources */ = {isa = PBXBuildFile; fileRef = 42A67E612719B915002A36DD /* LaunchScreen.storyboard */; };
		42A67E6E2719B916002A36DD /* RegistradorDeTarefasTests.swift in Sources */ = {isa = PBXBuildFile; fileRef = 42A67E6D2719B916002A36DD /* RegistradorDeTarefasTests.swift */; };
		42A67E782719B916002A36DD /* RegistradorDeTarefasUITests.swift in Sources */ = {isa = PBXBuildFile; fileRef = 42A67E772719B916002A36DD /* RegistradorDeTarefasUITests.swift */; };
		42A67E7A2719B916002A36DD /* RegistradorDeTarefasUITestsLaunchTests.swift in Sources */ = {isa = PBXBuildFile; fileRef = 42A67E792719B916002A36DD /* RegistradorDeTarefasUITestsLaunchTests.swift */; };
		42A67E872719BC81002A36DD /* Tarefa.swift in Sources */ = {isa = PBXBuildFile; fileRef = 42A67E862719BC81002A36DD /* Tarefa.swift */; };
		42A67E8B2719BF32002A36DD /* CelulaCustomizada.swift in Sources */ = {isa = PBXBuildFile; fileRef = 42A67E892719BF32002A36DD /* CelulaCustomizada.swift */; };
		42A67E8C2719BF32002A36DD /* CelulaCustomizada.xib in Resources */ = {isa = PBXBuildFile; fileRef = 42A67E8A2719BF32002A36DD /* CelulaCustomizada.xib */; };
		42A67E8F2719C3C2002A36DD /* Urgencia.swift in Sources */ = {isa = PBXBuildFile; fileRef = 42A67E8E2719C3C2002A36DD /* Urgencia.swift */; };
		42A67E942719CA51002A36DD /* NovaTarefaViewController.swift in Sources */ = {isa = PBXBuildFile; fileRef = 42A67E932719CA51002A36DD /* NovaTarefaViewController.swift */; };
/* End PBXBuildFile section */

/* Begin PBXContainerItemProxy section */
		42A67E6A2719B916002A36DD /* PBXContainerItemProxy */ = {
			isa = PBXContainerItemProxy;
			containerPortal = 42A67E4B2719B8FF002A36DD /* Project object */;
			proxyType = 1;
			remoteGlobalIDString = 42A67E522719B8FF002A36DD;
			remoteInfo = RegistradorDeTarefas;
		};
		42A67E742719B916002A36DD /* PBXContainerItemProxy */ = {
			isa = PBXContainerItemProxy;
			containerPortal = 42A67E4B2719B8FF002A36DD /* Project object */;
			proxyType = 1;
			remoteGlobalIDString = 42A67E522719B8FF002A36DD;
			remoteInfo = RegistradorDeTarefas;
		};
/* End PBXContainerItemProxy section */

/* Begin PBXFileReference section */
		42A67E532719B8FF002A36DD /* RegistradorDeTarefas.app */ = {isa = PBXFileReference; explicitFileType = wrapper.application; includeInIndex = 0; path = RegistradorDeTarefas.app; sourceTree = BUILT_PRODUCTS_DIR; };
		42A67E562719B8FF002A36DD /* AppDelegate.swift */ = {isa = PBXFileReference; lastKnownFileType = sourcecode.swift; path = AppDelegate.swift; sourceTree = "<group>"; };
		42A67E582719B8FF002A36DD /* SceneDelegate.swift */ = {isa = PBXFileReference; lastKnownFileType = sourcecode.swift; path = SceneDelegate.swift; sourceTree = "<group>"; };
		42A67E5A2719B8FF002A36DD /* ViewController.swift */ = {isa = PBXFileReference; lastKnownFileType = sourcecode.swift; path = ViewController.swift; sourceTree = "<group>"; };
		42A67E5D2719B8FF002A36DD /* Base */ = {isa = PBXFileReference; lastKnownFileType = file.storyboard; name = Base; path = Base.lproj/Main.storyboard; sourceTree = "<group>"; };
		42A67E5F2719B915002A36DD /* Assets.xcassets */ = {isa = PBXFileReference; lastKnownFileType = folder.assetcatalog; path = Assets.xcassets; sourceTree = "<group>"; };
		42A67E622719B915002A36DD /* Base */ = {isa = PBXFileReference; lastKnownFileType = file.storyboard; name = Base; path = Base.lproj/LaunchScreen.storyboard; sourceTree = "<group>"; };
		42A67E642719B915002A36DD /* Info.plist */ = {isa = PBXFileReference; lastKnownFileType = text.plist.xml; path = Info.plist; sourceTree = "<group>"; };
		42A67E692719B916002A36DD /* RegistradorDeTarefasTests.xctest */ = {isa = PBXFileReference; explicitFileType = wrapper.cfbundle; includeInIndex = 0; path = RegistradorDeTarefasTests.xctest; sourceTree = BUILT_PRODUCTS_DIR; };
		42A67E6D2719B916002A36DD /* RegistradorDeTarefasTests.swift */ = {isa = PBXFileReference; lastKnownFileType = sourcecode.swift; path = RegistradorDeTarefasTests.swift; sourceTree = "<group>"; };
		42A67E732719B916002A36DD /* RegistradorDeTarefasUITests.xctest */ = {isa = PBXFileReference; explicitFileType = wrapper.cfbundle; includeInIndex = 0; path = RegistradorDeTarefasUITests.xctest; sourceTree = BUILT_PRODUCTS_DIR; };
		42A67E772719B916002A36DD /* RegistradorDeTarefasUITests.swift */ = {isa = PBXFileReference; lastKnownFileType = sourcecode.swift; path = RegistradorDeTarefasUITests.swift; sourceTree = "<group>"; };
		42A67E792719B916002A36DD /* RegistradorDeTarefasUITestsLaunchTests.swift */ = {isa = PBXFileReference; lastKnownFileType = sourcecode.swift; path = RegistradorDeTarefasUITestsLaunchTests.swift; sourceTree = "<group>"; };
		42A67E862719BC81002A36DD /* Tarefa.swift */ = {isa = PBXFileReference; lastKnownFileType = sourcecode.swift; path = Tarefa.swift; sourceTree = "<group>"; };
		42A67E892719BF32002A36DD /* CelulaCustomizada.swift */ = {isa = PBXFileReference; lastKnownFileType = sourcecode.swift; path = CelulaCustomizada.swift; sourceTree = "<group>"; };
		42A67E8A2719BF32002A36DD /* CelulaCustomizada.xib */ = {isa = PBXFileReference; lastKnownFileType = file.xib; path = CelulaCustomizada.xib; sourceTree = "<group>"; };
		42A67E8E2719C3C2002A36DD /* Urgencia.swift */ = {isa = PBXFileReference; lastKnownFileType = sourcecode.swift; path = Urgencia.swift; sourceTree = "<group>"; };
		42A67E932719CA51002A36DD /* NovaTarefaViewController.swift */ = {isa = PBXFileReference; lastKnownFileType = sourcecode.swift; path = NovaTarefaViewController.swift; sourceTree = "<group>"; };
/* End PBXFileReference section */

/* Begin PBXFrameworksBuildPhase section */
		42A67E502719B8FF002A36DD /* Frameworks */ = {
			isa = PBXFrameworksBuildPhase;
			buildActionMask = 2147483647;
			files = (
			);
			runOnlyForDeploymentPostprocessing = 0;
		};
		42A67E662719B916002A36DD /* Frameworks */ = {
			isa = PBXFrameworksBuildPhase;
			buildActionMask = 2147483647;
			files = (
			);
			runOnlyForDeploymentPostprocessing = 0;
		};
		42A67E702719B916002A36DD /* Frameworks */ = {
			isa = PBXFrameworksBuildPhase;
			buildActionMask = 2147483647;
			files = (
			);
			runOnlyForDeploymentPostprocessing = 0;
		};
/* End PBXFrameworksBuildPhase section */

/* Begin PBXGroup section */
		42A67E4A2719B8FF002A36DD = {
			isa = PBXGroup;
			children = (
				42A67E552719B8FF002A36DD /* RegistradorDeTarefas */,
				42A67E6C2719B916002A36DD /* RegistradorDeTarefasTests */,
				42A67E762719B916002A36DD /* RegistradorDeTarefasUITests */,
				42A67E542719B8FF002A36DD /* Products */,
			);
			sourceTree = "<group>";
		};
		42A67E542719B8FF002A36DD /* Products */ = {
			isa = PBXGroup;
			children = (
				42A67E532719B8FF002A36DD /* RegistradorDeTarefas.app */,
				42A67E692719B916002A36DD /* RegistradorDeTarefasTests.xctest */,
				42A67E732719B916002A36DD /* RegistradorDeTarefasUITests.xctest */,
			);
			name = Products;
			sourceTree = "<group>";
		};
		42A67E552719B8FF002A36DD /* RegistradorDeTarefas */ = {
			isa = PBXGroup;
			children = (
				42A67E902719C4ED002A36DD /* Controller */,
				42A67E8D2719C3B1002A36DD /* Model */,
				42A67E882719BF14002A36DD /* View */,
				42A67E562719B8FF002A36DD /* AppDelegate.swift */,
				42A67E582719B8FF002A36DD /* SceneDelegate.swift */,
				42A67E5C2719B8FF002A36DD /* Main.storyboard */,
				42A67E5F2719B915002A36DD /* Assets.xcassets */,
				42A67E612719B915002A36DD /* LaunchScreen.storyboard */,
				42A67E642719B915002A36DD /* Info.plist */,
			);
			path = RegistradorDeTarefas;
			sourceTree = "<group>";
		};
		42A67E6C2719B916002A36DD /* RegistradorDeTarefasTests */ = {
			isa = PBXGroup;
			children = (
				42A67E6D2719B916002A36DD /* RegistradorDeTarefasTests.swift */,
			);
			path = RegistradorDeTarefasTests;
			sourceTree = "<group>";
		};
		42A67E762719B916002A36DD /* RegistradorDeTarefasUITests */ = {
			isa = PBXGroup;
			children = (
				42A67E772719B916002A36DD /* RegistradorDeTarefasUITests.swift */,
				42A67E792719B916002A36DD /* RegistradorDeTarefasUITestsLaunchTests.swift */,
			);
			path = RegistradorDeTarefasUITests;
			sourceTree = "<group>";
		};
		42A67E882719BF14002A36DD /* View */ = {
			isa = PBXGroup;
			children = (
				42A67E892719BF32002A36DD /* CelulaCustomizada.swift */,
				42A67E8A2719BF32002A36DD /* CelulaCustomizada.xib */,
			);
			path = View;
			sourceTree = "<group>";
		};
		42A67E8D2719C3B1002A36DD /* Model */ = {
			isa = PBXGroup;
			children = (
				42A67E862719BC81002A36DD /* Tarefa.swift */,
				42A67E8E2719C3C2002A36DD /* Urgencia.swift */,
			);
			path = Model;
			sourceTree = "<group>";
		};
		42A67E902719C4ED002A36DD /* Controller */ = {
			isa = PBXGroup;
			children = (
				42A67E5A2719B8FF002A36DD /* ViewController.swift */,
				42A67E932719CA51002A36DD /* NovaTarefaViewController.swift */,
			);
			path = Controller;
			sourceTree = "<group>";
		};
/* End PBXGroup section */

/* Begin PBXNativeTarget section */
		42A67E522719B8FF002A36DD /* RegistradorDeTarefas */ = {
			isa = PBXNativeTarget;
			buildConfigurationList = 42A67E7D2719B916002A36DD /* Build configuration list for PBXNativeTarget "RegistradorDeTarefas" */;
			buildPhases = (
				42A67E4F2719B8FF002A36DD /* Sources */,
				42A67E502719B8FF002A36DD /* Frameworks */,
				42A67E512719B8FF002A36DD /* Resources */,
			);
			buildRules = (
			);
			dependencies = (
			);
			name = RegistradorDeTarefas;
			productName = RegistradorDeTarefas;
			productReference = 42A67E532719B8FF002A36DD /* RegistradorDeTarefas.app */;
			productType = "com.apple.product-type.application";
		};
		42A67E682719B916002A36DD /* RegistradorDeTarefasTests */ = {
			isa = PBXNativeTarget;
			buildConfigurationList = 42A67E802719B916002A36DD /* Build configuration list for PBXNativeTarget "RegistradorDeTarefasTests" */;
			buildPhases = (
				42A67E652719B916002A36DD /* Sources */,
				42A67E662719B916002A36DD /* Frameworks */,
				42A67E672719B916002A36DD /* Resources */,
			);
			buildRules = (
			);
			dependencies = (
				42A67E6B2719B916002A36DD /* PBXTargetDependency */,
			);
			name = RegistradorDeTarefasTests;
			productName = RegistradorDeTarefasTests;
			productReference = 42A67E692719B916002A36DD /* RegistradorDeTarefasTests.xctest */;
			productType = "com.apple.product-type.bundle.unit-test";
		};
		42A67E722719B916002A36DD /* RegistradorDeTarefasUITests */ = {
			isa = PBXNativeTarget;
			buildConfigurationList = 42A67E832719B916002A36DD /* Build configuration list for PBXNativeTarget "RegistradorDeTarefasUITests" */;
			buildPhases = (
				42A67E6F2719B916002A36DD /* Sources */,
				42A67E702719B916002A36DD /* Frameworks */,
				42A67E712719B916002A36DD /* Resources */,
			);
			buildRules = (
			);
			dependencies = (
				42A67E752719B916002A36DD /* PBXTargetDependency */,
			);
			name = RegistradorDeTarefasUITests;
			productName = RegistradorDeTarefasUITests;
			productReference = 42A67E732719B916002A36DD /* RegistradorDeTarefasUITests.xctest */;
			productType = "com.apple.product-type.bundle.ui-testing";
		};
/* End PBXNativeTarget section */

/* Begin PBXProject section */
		42A67E4B2719B8FF002A36DD /* Project object */ = {
			isa = PBXProject;
			attributes = {
				BuildIndependentTargetsInParallel = 1;
				LastSwiftUpdateCheck = 1300;
				LastUpgradeCheck = 1300;
				TargetAttributes = {
					42A67E522719B8FF002A36DD = {
						CreatedOnToolsVersion = 13.0;
					};
					42A67E682719B916002A36DD = {
						CreatedOnToolsVersion = 13.0;
						TestTargetID = 42A67E522719B8FF002A36DD;
					};
					42A67E722719B916002A36DD = {
						CreatedOnToolsVersion = 13.0;
						TestTargetID = 42A67E522719B8FF002A36DD;
					};
				};
			};
			buildConfigurationList = 42A67E4E2719B8FF002A36DD /* Build configuration list for PBXProject "RegistradorDeTarefas" */;
			compatibilityVersion = "Xcode 13.0";
			developmentRegion = en;
			hasScannedForEncodings = 0;
			knownRegions = (
				en,
				Base,
			);
			mainGroup = 42A67E4A2719B8FF002A36DD;
			productRefGroup = 42A67E542719B8FF002A36DD /* Products */;
			projectDirPath = "";
			projectRoot = "";
			targets = (
				42A67E522719B8FF002A36DD /* RegistradorDeTarefas */,
				42A67E682719B916002A36DD /* RegistradorDeTarefasTests */,
				42A67E722719B916002A36DD /* RegistradorDeTarefasUITests */,
			);
		};
/* End PBXProject section */

/* Begin PBXResourcesBuildPhase section */
		42A67E512719B8FF002A36DD /* Resources */ = {
			isa = PBXResourcesBuildPhase;
			buildActionMask = 2147483647;
			files = (
				42A67E8C2719BF32002A36DD /* CelulaCustomizada.xib in Resources */,
				42A67E632719B915002A36DD /* LaunchScreen.storyboard in Resources */,
				42A67E602719B915002A36DD /* Assets.xcassets in Resources */,
				42A67E5E2719B8FF002A36DD /* Main.storyboard in Resources */,
			);
			runOnlyForDeploymentPostprocessing = 0;
		};
		42A67E672719B916002A36DD /* Resources */ = {
			isa = PBXResourcesBuildPhase;
			buildActionMask = 2147483647;
			files = (
			);
			runOnlyForDeploymentPostprocessing = 0;
		};
		42A67E712719B916002A36DD /* Resources */ = {
			isa = PBXResourcesBuildPhase;
			buildActionMask = 2147483647;
			files = (
			);
			runOnlyForDeploymentPostprocessing = 0;
		};
/* End PBXResourcesBuildPhase section */

/* Begin PBXSourcesBuildPhase section */
		42A67E4F2719B8FF002A36DD /* Sources */ = {
			isa = PBXSourcesBuildPhase;
			buildActionMask = 2147483647;
			files = (
				42A67E5B2719B8FF002A36DD /* ViewController.swift in Sources */,
				42A67E572719B8FF002A36DD /* AppDelegate.swift in Sources */,
				42A67E942719CA51002A36DD /* NovaTarefaViewController.swift in Sources */,
				42A67E872719BC81002A36DD /* Tarefa.swift in Sources */,
				42A67E8F2719C3C2002A36DD /* Urgencia.swift in Sources */,
				42A67E8B2719BF32002A36DD /* CelulaCustomizada.swift in Sources */,
				42A67E592719B8FF002A36DD /* SceneDelegate.swift in Sources */,
			);
			runOnlyForDeploymentPostprocessing = 0;
		};
		42A67E652719B916002A36DD /* Sources */ = {
			isa = PBXSourcesBuildPhase;
			buildActionMask = 2147483647;
			files = (
				42A67E6E2719B916002A36DD /* RegistradorDeTarefasTests.swift in Sources */,
			);
			runOnlyForDeploymentPostprocessing = 0;
		};
		42A67E6F2719B916002A36DD /* Sources */ = {
			isa = PBXSourcesBuildPhase;
			buildActionMask = 2147483647;
			files = (
				42A67E782719B916002A36DD /* RegistradorDeTarefasUITests.swift in Sources */,
				42A67E7A2719B916002A36DD /* RegistradorDeTarefasUITestsLaunchTests.swift in Sources */,
			);
			runOnlyForDeploymentPostprocessing = 0;
		};
/* End PBXSourcesBuildPhase section */

/* Begin PBXTargetDependency section */
		42A67E6B2719B916002A36DD /* PBXTargetDependency */ = {
			isa = PBXTargetDependency;
			target = 42A67E522719B8FF002A36DD /* RegistradorDeTarefas */;
			targetProxy = 42A67E6A2719B916002A36DD /* PBXContainerItemProxy */;
		};
		42A67E752719B916002A36DD /* PBXTargetDependency */ = {
			isa = PBXTargetDependency;
			target = 42A67E522719B8FF002A36DD /* RegistradorDeTarefas */;
			targetProxy = 42A67E742719B916002A36DD /* PBXContainerItemProxy */;
		};
/* End PBXTargetDependency section */

/* Begin PBXVariantGroup section */
		42A67E5C2719B8FF002A36DD /* Main.storyboard */ = {
			isa = PBXVariantGroup;
			children = (
				42A67E5D2719B8FF002A36DD /* Base */,
			);
			name = Main.storyboard;
			sourceTree = "<group>";
		};
		42A67E612719B915002A36DD /* LaunchScreen.storyboard */ = {
			isa = PBXVariantGroup;
			children = (
				42A67E622719B915002A36DD /* Base */,
			);
			name = LaunchScreen.storyboard;
			sourceTree = "<group>";
		};
/* End PBXVariantGroup section */

/* Begin XCBuildConfiguration section */
		42A67E7B2719B916002A36DD /* Debug */ = {
			isa = XCBuildConfiguration;
			buildSettings = {
				ALWAYS_SEARCH_USER_PATHS = NO;
				CLANG_ANALYZER_NONNULL = YES;
				CLANG_ANALYZER_NUMBER_OBJECT_CONVERSION = YES_AGGRESSIVE;
				CLANG_CXX_LANGUAGE_STANDARD = "gnu++17";
				CLANG_CXX_LIBRARY = "libc++";
				CLANG_ENABLE_MODULES = YES;
				CLANG_ENABLE_OBJC_ARC = YES;
				CLANG_ENABLE_OBJC_WEAK = YES;
				CLANG_WARN_BLOCK_CAPTURE_AUTORELEASING = YES;
				CLANG_WARN_BOOL_CONVERSION = YES;
				CLANG_WARN_COMMA = YES;
				CLANG_WARN_CONSTANT_CONVERSION = YES;
				CLANG_WARN_DEPRECATED_OBJC_IMPLEMENTATIONS = YES;
				CLANG_WARN_DIRECT_OBJC_ISA_USAGE = YES_ERROR;
				CLANG_WARN_DOCUMENTATION_COMMENTS = YES;
				CLANG_WARN_EMPTY_BODY = YES;
				CLANG_WARN_ENUM_CONVERSION = YES;
				CLANG_WARN_INFINITE_RECURSION = YES;
				CLANG_WARN_INT_CONVERSION = YES;
				CLANG_WARN_NON_LITERAL_NULL_CONVERSION = YES;
				CLANG_WARN_OBJC_IMPLICIT_RETAIN_SELF = YES;
				CLANG_WARN_OBJC_LITERAL_CONVERSION = YES;
				CLANG_WARN_OBJC_ROOT_CLASS = YES_ERROR;
				CLANG_WARN_QUOTED_INCLUDE_IN_FRAMEWORK_HEADER = YES;
				CLANG_WARN_RANGE_LOOP_ANALYSIS = YES;
				CLANG_WARN_STRICT_PROTOTYPES = YES;
				CLANG_WARN_SUSPICIOUS_MOVE = YES;
				CLANG_WARN_UNGUARDED_AVAILABILITY = YES_AGGRESSIVE;
				CLANG_WARN_UNREACHABLE_CODE = YES;
				CLANG_WARN__DUPLICATE_METHOD_MATCH = YES;
				COPY_PHASE_STRIP = NO;
				DEBUG_INFORMATION_FORMAT = dwarf;
				ENABLE_STRICT_OBJC_MSGSEND = YES;
				ENABLE_TESTABILITY = YES;
				GCC_C_LANGUAGE_STANDARD = gnu11;
				GCC_DYNAMIC_NO_PIC = NO;
				GCC_NO_COMMON_BLOCKS = YES;
				GCC_OPTIMIZATION_LEVEL = 0;
				GCC_PREPROCESSOR_DEFINITIONS = (
					"DEBUG=1",
					"$(inherited)",
				);
				GCC_WARN_64_TO_32_BIT_CONVERSION = YES;
				GCC_WARN_ABOUT_RETURN_TYPE = YES_ERROR;
				GCC_WARN_UNDECLARED_SELECTOR = YES;
				GCC_WARN_UNINITIALIZED_AUTOS = YES_AGGRESSIVE;
				GCC_WARN_UNUSED_FUNCTION = YES;
				GCC_WARN_UNUSED_VARIABLE = YES;
				IPHONEOS_DEPLOYMENT_TARGET = 15.0;
				MTL_ENABLE_DEBUG_INFO = INCLUDE_SOURCE;
				MTL_FAST_MATH = YES;
				ONLY_ACTIVE_ARCH = YES;
				SDKROOT = iphoneos;
				SWIFT_ACTIVE_COMPILATION_CONDITIONS = DEBUG;
				SWIFT_OPTIMIZATION_LEVEL = "-Onone";
			};
			name = Debug;
		};
		42A67E7C2719B916002A36DD /* Release */ = {
			isa = XCBuildConfiguration;
			buildSettings = {
				ALWAYS_SEARCH_USER_PATHS = NO;
				CLANG_ANALYZER_NONNULL = YES;
				CLANG_ANALYZER_NUMBER_OBJECT_CONVERSION = YES_AGGRESSIVE;
				CLANG_CXX_LANGUAGE_STANDARD = "gnu++17";
				CLANG_CXX_LIBRARY = "libc++";
				CLANG_ENABLE_MODULES = YES;
				CLANG_ENABLE_OBJC_ARC = YES;
				CLANG_ENABLE_OBJC_WEAK = YES;
				CLANG_WARN_BLOCK_CAPTURE_AUTORELEASING = YES;
				CLANG_WARN_BOOL_CONVERSION = YES;
				CLANG_WARN_COMMA = YES;
				CLANG_WARN_CONSTANT_CONVERSION = YES;
				CLANG_WARN_DEPRECATED_OBJC_IMPLEMENTATIONS = YES;
				CLANG_WARN_DIRECT_OBJC_ISA_USAGE = YES_ERROR;
				CLANG_WARN_DOCUMENTATION_COMMENTS = YES;
				CLANG_WARN_EMPTY_BODY = YES;
				CLANG_WARN_ENUM_CONVERSION = YES;
				CLANG_WARN_INFINITE_RECURSION = YES;
				CLANG_WARN_INT_CONVERSION = YES;
				CLANG_WARN_NON_LITERAL_NULL_CONVERSION = YES;
				CLANG_WARN_OBJC_IMPLICIT_RETAIN_SELF = YES;
				CLANG_WARN_OBJC_LITERAL_CONVERSION = YES;
				CLANG_WARN_OBJC_ROOT_CLASS = YES_ERROR;
				CLANG_WARN_QUOTED_INCLUDE_IN_FRAMEWORK_HEADER = YES;
				CLANG_WARN_RANGE_LOOP_ANALYSIS = YES;
				CLANG_WARN_STRICT_PROTOTYPES = YES;
				CLANG_WARN_SUSPICIOUS_MOVE = YES;
				CLANG_WARN_UNGUARDED_AVAILABILITY = YES_AGGRESSIVE;
				CLANG_WARN_UNREACHABLE_CODE = YES;
				CLANG_WARN__DUPLICATE_METHOD_MATCH = YES;
				COPY_PHASE_STRIP = NO;
				DEBUG_INFORMATION_FORMAT = "dwarf-with-dsym";
				ENABLE_NS_ASSERTIONS = NO;
				ENABLE_STRICT_OBJC_MSGSEND = YES;
				GCC_C_LANGUAGE_STANDARD = gnu11;
				GCC_NO_COMMON_BLOCKS = YES;
				GCC_WARN_64_TO_32_BIT_CONVERSION = YES;
				GCC_WARN_ABOUT_RETURN_TYPE = YES_ERROR;
				GCC_WARN_UNDECLARED_SELECTOR = YES;
				GCC_WARN_UNINITIALIZED_AUTOS = YES_AGGRESSIVE;
				GCC_WARN_UNUSED_FUNCTION = YES;
				GCC_WARN_UNUSED_VARIABLE = YES;
				IPHONEOS_DEPLOYMENT_TARGET = 15.0;
				MTL_ENABLE_DEBUG_INFO = NO;
				MTL_FAST_MATH = YES;
				SDKROOT = iphoneos;
				SWIFT_COMPILATION_MODE = wholemodule;
				SWIFT_OPTIMIZATION_LEVEL = "-O";
				VALIDATE_PRODUCT = YES;
			};
			name = Release;
		};
		42A67E7E2719B916002A36DD /* Debug */ = {
			isa = XCBuildConfiguration;
			buildSettings = {
				ASSETCATALOG_COMPILER_APPICON_NAME = AppIcon;
				ASSETCATALOG_COMPILER_GLOBAL_ACCENT_COLOR_NAME = AccentColor;
				CODE_SIGN_STYLE = Automatic;
				CURRENT_PROJECT_VERSION = 1;
				DEVELOPMENT_TEAM = GBZ9YXFDYJ;
				GENERATE_INFOPLIST_FILE = YES;
				INFOPLIST_FILE = RegistradorDeTarefas/Info.plist;
				INFOPLIST_KEY_UIApplicationSupportsIndirectInputEvents = YES;
				INFOPLIST_KEY_UILaunchStoryboardName = LaunchScreen;
				INFOPLIST_KEY_UIMainStoryboardFile = Main;
				INFOPLIST_KEY_UISupportedInterfaceOrientations_iPad = "UIInterfaceOrientationPortrait UIInterfaceOrientationPortraitUpsideDown UIInterfaceOrientationLandscapeLeft UIInterfaceOrientationLandscapeRight";
				INFOPLIST_KEY_UISupportedInterfaceOrientations_iPhone = "UIInterfaceOrientationPortrait UIInterfaceOrientationLandscapeLeft UIInterfaceOrientationLandscapeRight";
				LD_RUNPATH_SEARCH_PATHS = (
					"$(inherited)",
					"@executable_path/Frameworks",
				);
				MARKETING_VERSION = 1.0;
				PRODUCT_BUNDLE_IDENTIFIER = pedro.gomes.RegistradorDeTarefas;
				PRODUCT_NAME = "$(TARGET_NAME)";
				SWIFT_EMIT_LOC_STRINGS = YES;
				SWIFT_VERSION = 5.0;
				TARGETED_DEVICE_FAMILY = "1,2";
			};
			name = Debug;
		};
		42A67E7F2719B916002A36DD /* Release */ = {
			isa = XCBuildConfiguration;
			buildSettings = {
				ASSETCATALOG_COMPILER_APPICON_NAME = AppIcon;
				ASSETCATALOG_COMPILER_GLOBAL_ACCENT_COLOR_NAME = AccentColor;
				CODE_SIGN_STYLE = Automatic;
				CURRENT_PROJECT_VERSION = 1;
				DEVELOPMENT_TEAM = GBZ9YXFDYJ;
				GENERATE_INFOPLIST_FILE = YES;
				INFOPLIST_FILE = RegistradorDeTarefas/Info.plist;
				INFOPLIST_KEY_UIApplicationSupportsIndirectInputEvents = YES;
				INFOPLIST_KEY_UILaunchStoryboardName = LaunchScreen;
				INFOPLIST_KEY_UIMainStoryboardFile = Main;
				INFOPLIST_KEY_UISupportedInterfaceOrientations_iPad = "UIInterfaceOrientationPortrait UIInterfaceOrientationPortraitUpsideDown UIInterfaceOrientationLandscapeLeft UIInterfaceOrientationLandscapeRight";
				INFOPLIST_KEY_UISupportedInterfaceOrientations_iPhone = "UIInterfaceOrientationPortrait UIInterfaceOrientationLandscapeLeft UIInterfaceOrientationLandscapeRight";
				LD_RUNPATH_SEARCH_PATHS = (
					"$(inherited)",
					"@executable_path/Frameworks",
				);
				MARKETING_VERSION = 1.0;
				PRODUCT_BUNDLE_IDENTIFIER = pedro.gomes.RegistradorDeTarefas;
				PRODUCT_NAME = "$(TARGET_NAME)";
				SWIFT_EMIT_LOC_STRINGS = YES;
				SWIFT_VERSION = 5.0;
				TARGETED_DEVICE_FAMILY = "1,2";
			};
			name = Release;
		};
		42A67E812719B916002A36DD /* Debug */ = {
			isa = XCBuildConfiguration;
			buildSettings = {
				ALWAYS_EMBED_SWIFT_STANDARD_LIBRARIES = YES;
				BUNDLE_LOADER = "$(TEST_HOST)";
				CODE_SIGN_STYLE = Automatic;
				CURRENT_PROJECT_VERSION = 1;
				DEVELOPMENT_TEAM = GBZ9YXFDYJ;
				GENERATE_INFOPLIST_FILE = YES;
				IPHONEOS_DEPLOYMENT_TARGET = 15.0;
				LD_RUNPATH_SEARCH_PATHS = (
					"$(inherited)",
					"@executable_path/Frameworks",
					"@loader_path/Frameworks",
				);
				MARKETING_VERSION = 1.0;
				PRODUCT_BUNDLE_IDENTIFIER = pedro.gomes.RegistradorDeTarefasTests;
				PRODUCT_NAME = "$(TARGET_NAME)";
				SWIFT_EMIT_LOC_STRINGS = NO;
				SWIFT_VERSION = 5.0;
				TARGETED_DEVICE_FAMILY = "1,2";
				TEST_HOST = "$(BUILT_PRODUCTS_DIR)/RegistradorDeTarefas.app/RegistradorDeTarefas";
			};
			name = Debug;
		};
		42A67E822719B916002A36DD /* Release */ = {
			isa = XCBuildConfiguration;
			buildSettings = {
				ALWAYS_EMBED_SWIFT_STANDARD_LIBRARIES = YES;
				BUNDLE_LOADER = "$(TEST_HOST)";
				CODE_SIGN_STYLE = Automatic;
				CURRENT_PROJECT_VERSION = 1;
				DEVELOPMENT_TEAM = GBZ9YXFDYJ;
				GENERATE_INFOPLIST_FILE = YES;
				IPHONEOS_DEPLOYMENT_TARGET = 15.0;
				LD_RUNPATH_SEARCH_PATHS = (
					"$(inherited)",
					"@executable_path/Frameworks",
					"@loader_path/Frameworks",
				);
				MARKETING_VERSION = 1.0;
				PRODUCT_BUNDLE_IDENTIFIER = pedro.gomes.RegistradorDeTarefasTests;
				PRODUCT_NAME = "$(TARGET_NAME)";
				SWIFT_EMIT_LOC_STRINGS = NO;
				SWIFT_VERSION = 5.0;
				TARGETED_DEVICE_FAMILY = "1,2";
				TEST_HOST = "$(BUILT_PRODUCTS_DIR)/RegistradorDeTarefas.app/RegistradorDeTarefas";
			};
			name = Release;
		};
		42A67E842719B916002A36DD /* Debug */ = {
			isa = XCBuildConfiguration;
			buildSettings = {
				ALWAYS_EMBED_SWIFT_STANDARD_LIBRARIES = YES;
				CODE_SIGN_STYLE = Automatic;
				CURRENT_PROJECT_VERSION = 1;
				DEVELOPMENT_TEAM = GBZ9YXFDYJ;
				GENERATE_INFOPLIST_FILE = YES;
				LD_RUNPATH_SEARCH_PATHS = (
					"$(inherited)",
					"@executable_path/Frameworks",
					"@loader_path/Frameworks",
				);
				MARKETING_VERSION = 1.0;
				PRODUCT_BUNDLE_IDENTIFIER = pedro.gomes.RegistradorDeTarefasUITests;
				PRODUCT_NAME = "$(TARGET_NAME)";
				SWIFT_EMIT_LOC_STRINGS = NO;
				SWIFT_VERSION = 5.0;
				TARGETED_DEVICE_FAMILY = "1,2";
				TEST_TARGET_NAME = RegistradorDeTarefas;
			};
			name = Debug;
		};
		42A67E852719B916002A36DD /* Release */ = {
			isa = XCBuildConfiguration;
			buildSettings = {
				ALWAYS_EMBED_SWIFT_STANDARD_LIBRARIES = YES;
				CODE_SIGN_STYLE = Automatic;
				CURRENT_PROJECT_VERSION = 1;
				DEVELOPMENT_TEAM = GBZ9YXFDYJ;
				GENERATE_INFOPLIST_FILE = YES;
				LD_RUNPATH_SEARCH_PATHS = (
					"$(inherited)",
					"@executable_path/Frameworks",
					"@loader_path/Frameworks",
				);
				MARKETING_VERSION = 1.0;
				PRODUCT_BUNDLE_IDENTIFIER = pedro.gomes.RegistradorDeTarefasUITests;
				PRODUCT_NAME = "$(TARGET_NAME)";
				SWIFT_EMIT_LOC_STRINGS = NO;
				SWIFT_VERSION = 5.0;
				TARGETED_DEVICE_FAMILY = "1,2";
				TEST_TARGET_NAME = RegistradorDeTarefas;
			};
			name = Release;
		};
/* End XCBuildConfiguration section */

/* Begin XCConfigurationList section */
		42A67E4E2719B8FF002A36DD /* Build configuration list for PBXProject "RegistradorDeTarefas" */ = {
			isa = XCConfigurationList;
			buildConfigurations = (
				42A67E7B2719B916002A36DD /* Debug */,
				42A67E7C2719B916002A36DD /* Release */,
			);
			defaultConfigurationIsVisible = 0;
			defaultConfigurationName = Release;
		};
		42A67E7D2719B916002A36DD /* Build configuration list for PBXNativeTarget "RegistradorDeTarefas" */ = {
			isa = XCConfigurationList;
			buildConfigurations = (
				42A67E7E2719B916002A36DD /* Debug */,
				42A67E7F2719B916002A36DD /* Release */,
			);
			defaultConfigurationIsVisible = 0;
			defaultConfigurationName = Release;
		};
		42A67E802719B916002A36DD /* Build configuration list for PBXNativeTarget "RegistradorDeTarefasTests" */ = {
			isa = XCConfigurationList;
			buildConfigurations = (
				42A67E812719B916002A36DD /* Debug */,
				42A67E822719B916002A36DD /* Release */,
			);
			defaultConfigurationIsVisible = 0;
			defaultConfigurationName = Release;
		};
		42A67E832719B916002A36DD /* Build configuration list for PBXNativeTarget "RegistradorDeTarefasUITests" */ = {
			isa = XCConfigurationList;
			buildConfigurations = (
				42A67E842719B916002A36DD /* Debug */,
				42A67E852719B916002A36DD /* Release */,
			);
			defaultConfigurationIsVisible = 0;
			defaultConfigurationName = Release;
		};
/* End XCConfigurationList section */
	};
	rootObject = 42A67E4B2719B8FF002A36DD /* Project object */;
}
